
Microsoft Visual Studio Solution File, Format Version 12.00
# Visual Studio Version 17
VisualStudioVersion = 17.0.31903.59
MinimumVisualStudioVersion = 10.0.40219.1
Project("{FAE04EC0-301F-11D3-BF4B-00C04F79EFBC}") = "App.Domain", "App.Domain\App.Domain.csproj", "{3CDB8FB6-7CBB-4725-8D06-A53EDCAE2C59}"
EndProject
Project("{FAE04EC0-301F-11D3-BF4B-00C04F79EFBC}") = "App.Infrastructure", "App.Infrastructure\App.Infrastructure.csproj", "{F938E869-3B91-4638-BDDF-34B9B18ACF81}"
EndProject
Project("{FAE04EC0-301F-11D3-BF4B-00C04F79EFBC}") = "App.Jobs", "App.Jobs\App.Jobs.csproj", "{6D8768C4-6810-498B-9B8D-20690CD0345F}"
EndProject
Project("{FAE04EC0-301F-11D3-BF4B-00C04F79EFBC}") = "App.Web", "App.Web\App.Web.csproj", "{071A2624-D32F-48B7-9D1D-F6E7DB0D940B}"
EndProject
Project("{FAE04EC0-301F-11D3-BF4B-00C04F79EFBC}") = "App.Tests", "App.Tests\App.Tests.csproj", "{71CE97A3-238D-4EBC-883B-4C211F3470D1}"
EndProject
Global
	GlobalSection(SolutionConfigurationPlatforms) = preSolution
		Debug|Any CPU = Debug|Any CPU
		Debug|x64 = Debug|x64
		Debug|x86 = Debug|x86
		Release|Any CPU = Release|Any CPU
		Release|x64 = Release|x64
		Release|x86 = Release|x86
	EndGlobalSection
	GlobalSection(ProjectConfigurationPlatforms) = postSolution
		{3CDB8FB6-7CBB-4725-8D06-A53EDCAE2C59}.Debug|Any CPU.ActiveCfg = Debug|Any CPU
		{3CDB8FB6-7CBB-4725-8D06-A53EDCAE2C59}.Debug|Any CPU.Build.0 = Debug|Any CPU
		{3CDB8FB6-7CBB-4725-8D06-A53EDCAE2C59}.Debug|x64.ActiveCfg = Debug|Any CPU
		{3CDB8FB6-7CBB-4725-8D06-A53EDCAE2C59}.Debug|x64.Build.0 = Debug|Any CPU
		{3CDB8FB6-7CBB-4725-8D06-A53EDCAE2C59}.Debug|x86.ActiveCfg = Debug|Any CPU
		{3CDB8FB6-7CBB-4725-8D06-A53EDCAE2C59}.Debug|x86.Build.0 = Debug|Any CPU
		{3CDB8FB6-7CBB-4725-8D06-A53EDCAE2C59}.Release|Any CPU.ActiveCfg = Release|Any CPU
		{3CDB8FB6-7CBB-4725-8D06-A53EDCAE2C59}.Release|Any CPU.Build.0 = Release|Any CPU
		{3CDB8FB6-7CBB-4725-8D06-A53EDCAE2C59}.Release|x64.ActiveCfg = Release|Any CPU
		{3CDB8FB6-7CBB-4725-8D06-A53EDCAE2C59}.Release|x64.Build.0 = Release|Any CPU
		{3CDB8FB6-7CBB-4725-8D06-A53EDCAE2C59}.Release|x86.ActiveCfg = Release|Any CPU
		{3CDB8FB6-7CBB-4725-8D06-A53EDCAE2C59}.Release|x86.Build.0 = Release|Any CPU
		{F938E869-3B91-4638-BDDF-34B9B18ACF81}.Debug|Any CPU.ActiveCfg = Debug|Any CPU
		{F938E869-3B91-4638-BDDF-34B9B18ACF81}.Debug|Any CPU.Build.0 = Debug|Any CPU
		{F938E869-3B91-4638-BDDF-34B9B18ACF81}.Debug|x64.ActiveCfg = Debug|Any CPU
		{F938E869-3B91-4638-BDDF-34B9B18ACF81}.Debug|x64.Build.0 = Debug|Any CPU
		{F938E869-3B91-4638-BDDF-34B9B18ACF81}.Debug|x86.ActiveCfg = Debug|Any CPU
		{F938E869-3B91-4638-BDDF-34B9B18ACF81}.Debug|x86.Build.0 = Debug|Any CPU
		{F938E869-3B91-4638-BDDF-34B9B18ACF81}.Release|Any CPU.ActiveCfg = Release|Any CPU
		{F938E869-3B91-4638-BDDF-34B9B18ACF81}.Release|Any CPU.Build.0 = Release|Any CPU
		{F938E869-3B91-4638-BDDF-34B9B18ACF81}.Release|x64.ActiveCfg = Release|Any CPU
		{F938E869-3B91-4638-BDDF-34B9B18ACF81}.Release|x64.Build.0 = Release|Any CPU
		{F938E869-3B91-4638-BDDF-34B9B18ACF81}.Release|x86.ActiveCfg = Release|Any CPU
		{F938E869-3B91-4638-BDDF-34B9B18ACF81}.Release|x86.Build.0 = Release|Any CPU
		{6D8768C4-6810-498B-9B8D-20690CD0345F}.Debug|Any CPU.ActiveCfg = Debug|Any CPU
		{6D8768C4-6810-498B-9B8D-20690CD0345F}.Debug|Any CPU.Build.0 = Debug|Any CPU
		{6D8768C4-6810-498B-9B8D-20690CD0345F}.Debug|x64.ActiveCfg = Debug|Any CPU
		{6D8768C4-6810-498B-9B8D-20690CD0345F}.Debug|x64.Build.0 = Debug|Any CPU
		{6D8768C4-6810-498B-9B8D-20690CD0345F}.Debug|x86.ActiveCfg = Debug|Any CPU
		{6D8768C4-6810-498B-9B8D-20690CD0345F}.Debug|x86.Build.0 = Debug|Any CPU
		{6D8768C4-6810-498B-9B8D-20690CD0345F}.Release|Any CPU.ActiveCfg = Release|Any CPU
		{6D8768C4-6810-498B-9B8D-20690CD0345F}.Release|Any CPU.Build.0 = Release|Any CPU
		{6D8768C4-6810-498B-9B8D-20690CD0345F}.Release|x64.ActiveCfg = Release|Any CPU
		{6D8768C4-6810-498B-9B8D-20690CD0345F}.Release|x64.Build.0 = Release|Any CPU
		{6D8768C4-6810-498B-9B8D-20690CD0345F}.Release|x86.ActiveCfg = Release|Any CPU
		{6D8768C4-6810-498B-9B8D-20690CD0345F}.Release|x86.Build.0 = Release|Any CPU
		{071A2624-D32F-48B7-9D1D-F6E7DB0D940B}.Debug|Any CPU.ActiveCfg = Debug|Any CPU
		{071A2624-D32F-48B7-9D1D-F6E7DB0D940B}.Debug|Any CPU.Build.0 = Debug|Any CPU
		{071A2624-D32F-48B7-9D1D-F6E7DB0D940B}.Debug|x64.ActiveCfg = Debug|Any CPU
		{071A2624-D32F-48B7-9D1D-F6E7DB0D940B}.Debug|x64.Build.0 = Debug|Any CPU
		{071A2624-D32F-48B7-9D1D-F6E7DB0D940B}.Debug|x86.ActiveCfg = Debug|Any CPU
		{071A2624-D32F-48B7-9D1D-F6E7DB0D940B}.Debug|x86.Build.0 = Debug|Any CPU
		{071A2624-D32F-48B7-9D1D-F6E7DB0D940B}.Release|Any CPU.ActiveCfg = Release|Any CPU
		{071A2624-D32F-48B7-9D1D-F6E7DB0D940B}.Release|Any CPU.Build.0 = Release|Any CPU
		{071A2624-D32F-48B7-9D1D-F6E7DB0D940B}.Release|x64.ActiveCfg = Release|Any CPU
		{071A2624-D32F-48B7-9D1D-F6E7DB0D940B}.Release|x64.Build.0 = Release|Any CPU
		{071A2624-D32F-48B7-9D1D-F6E7DB0D940B}.Release|x86.ActiveCfg = Release|Any CPU
		{071A2624-D32F-48B7-9D1D-F6E7DB0D940B}.Release|x86.Build.0 = Release|Any CPU
		{71CE97A3-238D-4EBC-883B-4C211F3470D1}.Debug|Any CPU.ActiveCfg = Debug|Any CPU
		{71CE97A3-238D-4EBC-883B-4C211F3470D1}.Debug|Any CPU.Build.0 = Debug|Any CPU
		{71CE97A3-238D-4EBC-883B-4C211F3470D1}.Debug|x64.ActiveCfg = Debug|Any CPU
		{71CE97A3-238D-4EBC-883B-4C211F3470D1}.Debug|x64.Build.0 = Debug|Any CPU
		{71CE97A3-238D-4EBC-883B-4C211F3470D1}.Debug|x86.ActiveCfg = Debug|Any CPU
		{71CE97A3-238D-4EBC-883B-4C211F3470D1}.Debug|x86.Build.0 = Debug|Any CPU
		{71CE97A3-238D-4EBC-883B-4C211F3470D1}.Release|Any CPU.ActiveCfg = Release|Any CPU
		{71CE97A3-238D-4EBC-883B-4C211F3470D1}.Release|Any CPU.Build.0 = Release|Any CPU
		{71CE97A3-238D-4EBC-883B-4C211F3470D1}.Release|x64.ActiveCfg = Release|Any CPU
		{71CE97A3-238D-4EBC-883B-4C211F3470D1}.Release|x64.Build.0 = Release|Any CPU
		{71CE97A3-238D-4EBC-883B-4C211F3470D1}.Release|x86.ActiveCfg = Release|Any CPU
		{71CE97A3-238D-4EBC-883B-4C211F3470D1}.Release|x86.Build.0 = Release|Any CPU
	EndGlobalSection
	GlobalSection(SolutionProperties) = preSolution
		HideSolutionNode = FALSE
	EndGlobalSection
EndGlobal
